<?xml version="1.0" encoding="utf-8"?>
<Project ToolsVersion="4.0" xmlns="http://schemas.microsoft.com/developer/msbuild/2003">
  <ItemGroup>
    <Filter Include="Fenchi">
      <UniqueIdentifier>{52D089B2-3E72-B488-272D-C8DC136E3BD9}</UniqueIdentifier>
    </Filter>
  </ItemGroup>
  <ItemGroup>
    <ClInclude Include="src\Fenchi.h" />
    <ClInclude Include="src\Fenchi\Application.h">
      <Filter>Fenchi</Filter>
    </ClInclude>
    <ClInclude Include="src\Fenchi\EntryPoint.h">
      <Filter>Fenchi</Filter>
    </ClInclude>
    <ClInclude Include="src\Fenchi\Log.h">
      <Filter>Fenchi</Filter>
    </ClInclude>
    <ClInclude Include="src\Fenchi\core.h">
      <Filter>Fenchi</Filter>
    </ClInclude>
  </ItemGroup>
  <ItemGroup>
    <ClCompile Include="src\Fenchi\Application.cpp">
      <Filter>Fenchi</Filter>
    </ClCompile>
    <ClCompile Include="src\Fenchi\Log.cpp">
      <Filter>Fenchi</Filter>
    </ClCompile>
  </ItemGroup>
</Project>